
Microsoft Visual Studio Solution File, Format Version 12.00
# Visual Studio 15
VisualStudioVersion = 15.0.28307.539
MinimumVisualStudioVersion = 10.0.40219.1
Project("{FAE04EC0-301F-11D3-BF4B-00C04F79EFBC}") = "Sacho_UDP_broadcast", "Sacho_UDP_broadcast\Sacho_UDP_broadcast.csproj", "{BC6E2B09-75A1-42DD-954A-1AA2B4305910}"
EndProject
Project("{FAE04EC0-301F-11D3-BF4B-00C04F79EFBC}") = "BroadcastLibrary", "BroadcastLibrary\BroadcastLibrary.csproj", "{2FE96122-87D2-4194-8E27-6282DDB03B59}"
EndProject
Project("{FAE04EC0-301F-11D3-BF4B-00C04F79EFBC}") = "Send", "Send\Send.csproj", "{4C87AEDE-58D3-4A36-9DCC-57787F76D3D7}"
EndProject
Project("{FAE04EC0-301F-11D3-BF4B-00C04F79EFBC}") = "Receive", "Receive\Receive.csproj", "{938A751D-3CCD-44CF-973A-23DE3B997EB2}"
EndProject
Global
	GlobalSection(SolutionConfigurationPlatforms) = preSolution
		Debug|Any CPU = Debug|Any CPU
		Release|Any CPU = Release|Any CPU
	EndGlobalSection
	GlobalSection(ProjectConfigurationPlatforms) = postSolution
		{BC6E2B09-75A1-42DD-954A-1AA2B4305910}.Debug|Any CPU.ActiveCfg = Debug|Any CPU
		{BC6E2B09-75A1-42DD-954A-1AA2B4305910}.Debug|Any CPU.Build.0 = Debug|Any CPU
		{BC6E2B09-75A1-42DD-954A-1AA2B4305910}.Release|Any CPU.ActiveCfg = Release|Any CPU
		{BC6E2B09-75A1-42DD-954A-1AA2B4305910}.Release|Any CPU.Build.0 = Release|Any CPU
		{2FE96122-87D2-4194-8E27-6282DDB03B59}.Debug|Any CPU.ActiveCfg = Debug|Any CPU
		{2FE96122-87D2-4194-8E27-6282DDB03B59}.Debug|Any CPU.Build.0 = Debug|Any CPU
		{2FE96122-87D2-4194-8E27-6282DDB03B59}.Release|Any CPU.ActiveCfg = Release|Any CPU
		{2FE96122-87D2-4194-8E27-6282DDB03B59}.Release|Any CPU.Build.0 = Release|Any CPU
		{4C87AEDE-58D3-4A36-9DCC-57787F76D3D7}.Debug|Any CPU.ActiveCfg = Debug|Any CPU
		{4C87AEDE-58D3-4A36-9DCC-57787F76D3D7}.Debug|Any CPU.Build.0 = Debug|Any CPU
		{4C87AEDE-58D3-4A36-9DCC-57787F76D3D7}.Release|Any CPU.ActiveCfg = Release|Any CPU
		{4C87AEDE-58D3-4A36-9DCC-57787F76D3D7}.Release|Any CPU.Build.0 = Release|Any CPU
		{938A751D-3CCD-44CF-973A-23DE3B997EB2}.Debug|Any CPU.ActiveCfg = Debug|Any CPU
		{938A751D-3CCD-44CF-973A-23DE3B997EB2}.Debug|Any CPU.Build.0 = Debug|Any CPU
		{938A751D-3CCD-44CF-973A-23DE3B997EB2}.Release|Any CPU.ActiveCfg = Release|Any CPU
		{938A751D-3CCD-44CF-973A-23DE3B997EB2}.Release|Any CPU.Build.0 = Release|Any CPU
	EndGlobalSection
	GlobalSection(SolutionProperties) = preSolution
		HideSolutionNode = FALSE
	EndGlobalSection
	GlobalSection(ExtensibilityGlobals) = postSolution
		SolutionGuid = {C92429F0-367D-4F7C-BA76-0314743CBF0D}
	EndGlobalSection
EndGlobal
